
Microsoft Visual Studio Solution File, Format Version 12.00
# Visual Studio Version 16
VisualStudioVersion = 16.0.29613.14
MinimumVisualStudioVersion = 10.0.40219.1
Project("{FAE04EC0-301F-11D3-BF4B-00C04F79EFBC}") = "Octopus", "Octopus\Octopus.csproj", "{4828F6A8-6E91-4F46-99C5-FA08E4E935B3}"
EndProject
Project("{FAE04EC0-301F-11D3-BF4B-00C04F79EFBC}") = "BusinessLayer", "BusinessLayer\BusinessLayer.csproj", "{9C06875F-B66A-4AD7-96A3-AF3A6D918753}"
EndProject
Project("{FAE04EC0-301F-11D3-BF4B-00C04F79EFBC}") = "TypeLayer", "TypeLayer\TypeLayer.csproj", "{92C2A351-D654-4B20-AEC8-85F6A2C8F123}"
EndProject
Project("{FAE04EC0-301F-11D3-BF4B-00C04F79EFBC}") = "Test", "Test\Test.csproj", "{CAE4E15F-BE55-4325-A703-0E39188F3423}"
EndProject
Project("{FAE04EC0-301F-11D3-BF4B-00C04F79EFBC}") = "DataAccessLayer", "DataAccessLayer\DataAccessLayer.csproj", "{86E2CF52-3587-4DCC-B530-005C1EBF6692}"
EndProject
Global
	GlobalSection(SolutionConfigurationPlatforms) = preSolution
		Debug|Any CPU = Debug|Any CPU
		Release|Any CPU = Release|Any CPU
	EndGlobalSection
	GlobalSection(ProjectConfigurationPlatforms) = postSolution
		{4828F6A8-6E91-4F46-99C5-FA08E4E935B3}.Debug|Any CPU.ActiveCfg = Debug|Any CPU
		{4828F6A8-6E91-4F46-99C5-FA08E4E935B3}.Debug|Any CPU.Build.0 = Debug|Any CPU
		{4828F6A8-6E91-4F46-99C5-FA08E4E935B3}.Release|Any CPU.ActiveCfg = Release|Any CPU
		{4828F6A8-6E91-4F46-99C5-FA08E4E935B3}.Release|Any CPU.Build.0 = Release|Any CPU
		{9C06875F-B66A-4AD7-96A3-AF3A6D918753}.Debug|Any CPU.ActiveCfg = Debug|Any CPU
		{9C06875F-B66A-4AD7-96A3-AF3A6D918753}.Debug|Any CPU.Build.0 = Debug|Any CPU
		{9C06875F-B66A-4AD7-96A3-AF3A6D918753}.Release|Any CPU.ActiveCfg = Release|Any CPU
		{9C06875F-B66A-4AD7-96A3-AF3A6D918753}.Release|Any CPU.Build.0 = Release|Any CPU
		{92C2A351-D654-4B20-AEC8-85F6A2C8F123}.Debug|Any CPU.ActiveCfg = Debug|Any CPU
		{92C2A351-D654-4B20-AEC8-85F6A2C8F123}.Debug|Any CPU.Build.0 = Debug|Any CPU
		{92C2A351-D654-4B20-AEC8-85F6A2C8F123}.Release|Any CPU.ActiveCfg = Release|Any CPU
		{92C2A351-D654-4B20-AEC8-85F6A2C8F123}.Release|Any CPU.Build.0 = Release|Any CPU
		{CAE4E15F-BE55-4325-A703-0E39188F3423}.Debug|Any CPU.ActiveCfg = Debug|Any CPU
		{CAE4E15F-BE55-4325-A703-0E39188F3423}.Debug|Any CPU.Build.0 = Debug|Any CPU
		{CAE4E15F-BE55-4325-A703-0E39188F3423}.Release|Any CPU.ActiveCfg = Release|Any CPU
		{CAE4E15F-BE55-4325-A703-0E39188F3423}.Release|Any CPU.Build.0 = Release|Any CPU
		{86E2CF52-3587-4DCC-B530-005C1EBF6692}.Debug|Any CPU.ActiveCfg = Debug|Any CPU
		{86E2CF52-3587-4DCC-B530-005C1EBF6692}.Debug|Any CPU.Build.0 = Debug|Any CPU
		{86E2CF52-3587-4DCC-B530-005C1EBF6692}.Release|Any CPU.ActiveCfg = Release|Any CPU
		{86E2CF52-3587-4DCC-B530-005C1EBF6692}.Release|Any CPU.Build.0 = Release|Any CPU
	EndGlobalSection
	GlobalSection(SolutionProperties) = preSolution
		HideSolutionNode = FALSE
	EndGlobalSection
	GlobalSection(ExtensibilityGlobals) = postSolution
		SolutionGuid = {E42EF2FD-E1D3-4D62-95D1-69167C181437}
	EndGlobalSection
EndGlobal
